{
  "originHash" : "fe80d800fd3546609c8e9654610353e79fda7758e5303f523f9d300219eddff7",
  "pins" : [
    {
      "identity" : "rive-ios",
      "kind" : "remoteSourceControl",
      "location" : "https://github.com/rive-app/rive-ios.git",
      "state" : {
        "revision" : "9367a18e307aea11b9f4cbf973febf3fc6edd814",
        "version" : "6.21.0"
      }
    }
  ],
  "version" : 3
}
